<?xml version="1.0" encoding="UTF-8"?>
<Scheme
   LastUpgradeVersion = "1430"
   version = "2.2">
   <BuildAction
      parallelizeBuildables = "YES"
      buildImplicitDependencies = "YES">
      <PreActions>
         <ExecutionAction
            ActionType = "Xcode.IDEStandardExecutionActionsCore.ExecutionActionType.ShellScriptAction">
            <ActionContent
               title = "Run Xcode format settings"
               scriptText = "set -e&#10;&#10;defaults write com.apple.dt.Xcode AutomaticallyCheckSpellingWhileTyping -bool YES&#10;&#10;defaults write com.apple.dt.Xcode DVTTextEditorTrimTrailingWhitespace -bool YES&#10;defaults write com.apple.dt.Xcode DVTTextEditorTrimWhitespaceOnlyLines -bool YES&#10;&#10;defaults write com.apple.dt.Xcode DVTTextIndentTabWidth -int 2&#10;defaults write com.apple.dt.Xcode DVTTextIndentWidth -int 2&#10;&#10;defaults write com.apple.dt.Xcode DVTTextPageGuideLocation -int 100&#10;">
               <EnvironmentBuildable>
                  <BuildableReference
                     BuildableIdentifier = "primary"
                     BlueprintIdentifier = "SimpleHaptics"
                     BuildableName = "SimpleHaptics"
                     BlueprintName = "SimpleHaptics"
                     ReferencedContainer = "container:">
                  </BuildableReference>
               </EnvironmentBuildable>
            </ActionContent>
         </ExecutionAction>
         <ExecutionAction
            ActionType = "Xcode.IDEStandardExecutionActionsCore.ExecutionActionType.ShellScriptAction">
            <ActionContent
               title = "Run SwiftLint"
               scriptText = "if test -d &quot;/opt/homebrew/bin/&quot;; then&#10;  PATH=&quot;/opt/homebrew/bin/:${PATH}&quot;&#10;fi&#10;&#10;export PATH&#10;&#10;if which swiftlint &gt;/dev/null; then&#10;  swiftlint --version&#10;else&#10;  echo &quot;warning: SwiftLint not installed, download from https://github.com/realm/SwiftLint&quot;&#10;fi&#10;">
            </ActionContent>
         </ExecutionAction>
      </PreActions>
      <BuildActionEntries>
         <BuildActionEntry
            buildForTesting = "YES"
            buildForRunning = "NO"
            buildForProfiling = "NO"
            buildForArchiving = "NO"
            buildForAnalyzing = "NO">
            <AutocreatedTestPlanReference>
            </AutocreatedTestPlanReference>
         </BuildActionEntry>
         <BuildActionEntry
            buildForTesting = "YES"
            buildForRunning = "YES"
            buildForProfiling = "YES"
            buildForArchiving = "YES"
            buildForAnalyzing = "YES">
            <BuildableReference
               BuildableIdentifier = "primary"
               BlueprintIdentifier = "SimpleHaptics"
               BuildableName = "SimpleHaptics"
               BlueprintName = "SimpleHaptics"
               ReferencedContainer = "container:">
            </BuildableReference>
         </BuildActionEntry>
      </BuildActionEntries>
   </BuildAction>
   <TestAction
      buildConfiguration = "Debug"
      selectedDebuggerIdentifier = "Xcode.DebuggerFoundation.Debugger.LLDB"
      selectedLauncherIdentifier = "Xcode.DebuggerFoundation.Launcher.LLDB"
      shouldUseLaunchSchemeArgsEnv = "YES"
      shouldAutocreateTestPlan = "YES">
   </TestAction>
   <LaunchAction
      buildConfiguration = "Debug"
      selectedDebuggerIdentifier = "Xcode.DebuggerFoundation.Debugger.LLDB"
      selectedLauncherIdentifier = "Xcode.DebuggerFoundation.Launcher.LLDB"
      launchStyle = "0"
      useCustomWorkingDirectory = "NO"
      ignoresPersistentStateOnLaunch = "NO"
      debugDocumentVersioning = "YES"
      debugServiceExtension = "internal"
      allowLocationSimulation = "YES">
   </LaunchAction>
   <ProfileAction
      buildConfiguration = "Release"
      shouldUseLaunchSchemeArgsEnv = "YES"
      savedToolIdentifier = ""
      useCustomWorkingDirectory = "NO"
      debugDocumentVersioning = "YES">
      <MacroExpansion>
         <BuildableReference
            BuildableIdentifier = "primary"
            BlueprintIdentifier = "SimpleHaptics"
            BuildableName = "SimpleHaptics"
            BlueprintName = "SimpleHaptics"
            ReferencedContainer = "container:">
         </BuildableReference>
      </MacroExpansion>
   </ProfileAction>
   <AnalyzeAction
      buildConfiguration = "Debug">
   </AnalyzeAction>
   <ArchiveAction
      buildConfiguration = "Release"
      revealArchiveInOrganizer = "YES">
   </ArchiveAction>
</Scheme>
